
Microsoft Visual Studio Solution File, Format Version 12.00
# Visual Studio Version 16
VisualStudioVersion = 16.0.30011.22
MinimumVisualStudioVersion = 10.0.40219.1
Project("{9A19103F-16F7-4668-BE54-9A1E7A4F7556}") = "Metaballs", "Metaballs\Metaballs.csproj", "{B0072572-8F90-414B-A345-ADAA9105FEED}"
EndProject
Project("{D954291E-2A0B-460D-934E-DC6B0785DB48}") = "MorphxLibs", "MorphxLibs\MorphxLibs.shproj", "{F92EE134-8CB3-455A-9160-841004898E8D}"
EndProject
Global
	GlobalSection(SharedMSBuildProjectFiles) = preSolution
		MorphxLibs\MorphxLibs.projitems*{b0072572-8f90-414b-a345-adaa9105feed}*SharedItemsImports = 5
		MorphxLibs\MorphxLibs.projitems*{f92ee134-8cb3-455a-9160-841004898e8d}*SharedItemsImports = 13
	EndGlobalSection
	GlobalSection(SolutionConfigurationPlatforms) = preSolution
		Debug|Any CPU = Debug|Any CPU
		Release|Any CPU = Release|Any CPU
	EndGlobalSection
	GlobalSection(ProjectConfigurationPlatforms) = postSolution
		{B0072572-8F90-414B-A345-ADAA9105FEED}.Debug|Any CPU.ActiveCfg = Debug|Any CPU
		{B0072572-8F90-414B-A345-ADAA9105FEED}.Debug|Any CPU.Build.0 = Debug|Any CPU
		{B0072572-8F90-414B-A345-ADAA9105FEED}.Release|Any CPU.ActiveCfg = Release|Any CPU
		{B0072572-8F90-414B-A345-ADAA9105FEED}.Release|Any CPU.Build.0 = Release|Any CPU
	EndGlobalSection
	GlobalSection(SolutionProperties) = preSolution
		HideSolutionNode = FALSE
	EndGlobalSection
	GlobalSection(ExtensibilityGlobals) = postSolution
		SolutionGuid = {95375424-D303-4B72-9511-F0957E8EBFE2}
	EndGlobalSection
EndGlobal
